# This file is automatically @generated by Cargo.
# It is not intended for manual editing.
version = 3

[[package]]
name = "ac-ffmpeg"
version = "0.16.0"
source = "registry+https://github.com/rust-lang/crates.io-index"
checksum = "d229ad203a25833110bdfb8bb5c47eba1ad0daf4c61dbf8d0fffd7175322087d"
dependencies = [
 "cc",
 "lazy_static",
 "pkg-config",
]

[[package]]
name = "cc"
version = "1.0.68"
source = "registry+https://github.com/rust-lang/crates.io-index"
checksum = "4a72c244c1ff497a746a7e1fb3d14bd08420ecda70c8f25c7112f2781652d787"

[[package]]
name = "lazy_static"
version = "1.4.0"
source = "registry+https://github.com/rust-lang/crates.io-index"
checksum = "e2abad23fbc42b3700f2f279844dc832adb2b2eb069b2df918f455c4e18cc646"

[[package]]
name = "pi-ffmpeg-udp"
version = "0.1.0"
dependencies = [
 "ac-ffmpeg",
]

[[package]]
name = "pkg-config"
version = "0.3.19"
source = "registry+https://github.com/rust-lang/crates.io-index"
checksum = "3831453b3449ceb48b6d9c7ad7c96d5ea673e9b470a1dc578c2ce6521230884c"
